# This file is automatically @generated by Cargo.
# It is not intended for manual editing.
[[package]]
name = "disjoint-sets"
version = "0.4.2"
source = "registry+https://github.com/rust-lang/crates.io-index"
checksum = "4ccbbca7d6a247007ca2535c616d4bb4a5fcad176ef0218671f96b88c52c3d34"

[[package]]
name = "smt-solver"
version = "0.1.0"
dependencies = [
 "disjoint-sets",
]
